
Microsoft Visual Studio Solution File, Format Version 12.00
# Visual Studio Version 17
VisualStudioVersion = 17.14.36221.1 d17.14
MinimumVisualStudioVersion = 10.0.40219.1
Project("{FAE04EC0-301F-11D3-BF4B-00C04F79EFBC}") = "LabaIyo", "LabaIyo.csproj", "{B2ACEC3A-DF59-49F0-94A0-E26F0C931E0C}"
EndProject
Global
	GlobalSection(SolutionConfigurationPlatforms) = preSolution
		Debug|Any CPU = Debug|Any CPU
		Release|Any CPU = Release|Any CPU
	EndGlobalSection
	GlobalSection(ProjectConfigurationPlatforms) = postSolution
		{B2ACEC3A-DF59-49F0-94A0-E26F0C931E0C}.Debug|Any CPU.ActiveCfg = Debug|Any CPU
		{B2ACEC3A-DF59-49F0-94A0-E26F0C931E0C}.Debug|Any CPU.Build.0 = Debug|Any CPU
		{B2ACEC3A-DF59-49F0-94A0-E26F0C931E0C}.Release|Any CPU.ActiveCfg = Release|Any CPU
		{B2ACEC3A-DF59-49F0-94A0-E26F0C931E0C}.Release|Any CPU.Build.0 = Release|Any CPU
	EndGlobalSection
	GlobalSection(SolutionProperties) = preSolution
		HideSolutionNode = FALSE
	EndGlobalSection
	GlobalSection(ExtensibilityGlobals) = postSolution
		SolutionGuid = {69363F36-11FF-46D7-B7DB-1FCED185F232}
	EndGlobalSection
EndGlobal
